// !$*UTF8*$!
{
	archiveVersion = 1;
	classes = {
	};
	objectVersion = 46;
	objects = {

/* Begin PBXBuildFile section */
		ACD22C9C1CFC979F00B0D209 /* AppDelegate.swift in Sources */ = {isa = PBXBuildFile; fileRef = ACD22C9B1CFC979F00B0D209 /* AppDelegate.swift */; };
		ACD22C9E1CFC979F00B0D209 /* ViewController.swift in Sources */ = {isa = PBXBuildFile; fileRef = ACD22C9D1CFC979F00B0D209 /* ViewController.swift */; };
		ACD22CA11CFC979F00B0D209 /* Main.storyboard in Resources */ = {isa = PBXBuildFile; fileRef = ACD22C9F1CFC979F00B0D209 /* Main.storyboard */; };
		ACD22CA31CFC979F00B0D209 /* Assets.xcassets in Resources */ = {isa = PBXBuildFile; fileRef = ACD22CA21CFC979F00B0D209 /* Assets.xcassets */; };
		ACD22CA61CFC979F00B0D209 /* LaunchScreen.storyboard in Resources */ = {isa = PBXBuildFile; fileRef = ACD22CA41CFC979F00B0D209 /* LaunchScreen.storyboard */; };
/* End PBXBuildFile section */

/* Begin PBXFileReference section */
		ACD22C981CFC979F00B0D209 /* Audio.app */ = {isa = PBXFileReference; explicitFileType = wrapper.application; includeInIndex = 0; path = Audio.app; sourceTree = BUILT_PRODUCTS_DIR; };
		ACD22C9B1CFC979F00B0D209 /* AppDelegate.swift */ = {isa = PBXFileReference; lastKnownFileType = sourcecode.swift; path = AppDelegate.swift; sourceTree = "<group>"; };
		ACD22C9D1CFC979F00B0D209 /* ViewController.swift */ = {isa = PBXFileReference; lastKnownFileType = sourcecode.swift; path = ViewController.swift; sourceTree = "<group>"; };
		ACD22CA01CFC979F00B0D209 /* Base */ = {isa = PBXFileReference; lastKnownFileType = file.storyboard; name = Base; path = Base.lproj/Main.storyboard; sourceTree = "<group>"; };
		ACD22CA21CFC979F00B0D209 /* Assets.xcassets */ = {isa = PBXFileReference; lastKnownFileType = folder.assetcatalog; path = Assets.xcassets; sourceTree = "<group>"; };
		ACD22CA51CFC979F00B0D209 /* Base */ = {isa = PBXFileReference; lastKnownFileType = file.storyboard; name = Base; path = Base.lproj/LaunchScreen.storyboard; sourceTree = "<group>"; };
		ACD22CA71CFC979F00B0D209 /* Info.plist */ = {isa = PBXFileReference; lastKnownFileType = text.plist.xml; path = Info.plist; sourceTree = "<group>"; };
/* End PBXFileReference section */

/* Begin PBXFrameworksBuildPhase section */
		ACD22C951CFC979F00B0D209 /* Frameworks */ = {
			isa = PBXFrameworksBuildPhase;
			buildActionMask = 2147483647;
			files = (
			);
			runOnlyForDeploymentPostprocessing = 0;
		};
/* End PBXFrameworksBuildPhase section */

/* Begin PBXGroup section */
		ACD22C8F1CFC979F00B0D209 = {
			isa = PBXGroup;
			children = (
				ACD22C9A1CFC979F00B0D209 /* Audio */,
				ACD22C991CFC979F00B0D209 /* Products */,
			);
			sourceTree = "<group>";
		};
		ACD22C991CFC979F00B0D209 /* Products */ = {
			isa = PBXGroup;
			children = (
				ACD22C981CFC979F00B0D209 /* Audio.app */,
			);
			name = Products;
			sourceTree = "<group>";
		};
		ACD22C9A1CFC979F00B0D209 /* Audio */ = {
			isa = PBXGroup;
			children = (
				ACD22C9D1CFC979F00B0D209 /* ViewController.swift */,
				ACD22C9F1CFC979F00B0D209 /* Main.storyboard */,
				ACD22CAD1CFC97C500B0D209 /* Supporting Files */,
			);
			path = Audio;
			sourceTree = "<group>";
		};
		ACD22CAD1CFC97C500B0D209 /* Supporting Files */ = {
			isa = PBXGroup;
			children = (
				ACD22C9B1CFC979F00B0D209 /* AppDelegate.swift */,
				ACD22CA21CFC979F00B0D209 /* Assets.xcassets */,
				ACD22CA41CFC979F00B0D209 /* LaunchScreen.storyboard */,
				ACD22CA71CFC979F00B0D209 /* Info.plist */,
			);
			name = "Supporting Files";
			sourceTree = "<group>";
		};
/* End PBXGroup section */

/* Begin PBXNativeTarget section */
		ACD22C971CFC979F00B0D209 /* Audio */ = {
			isa = PBXNativeTarget;
			buildConfigurationList = ACD22CAA1CFC979F00B0D209 /* Build configuration list for PBXNativeTarget "Audio" */;
			buildPhases = (
				ACD22C941CFC979F00B0D209 /* Sources */,
				ACD22C951CFC979F00B0D209 /* Frameworks */,
				ACD22C961CFC979F00B0D209 /* Resources */,
			);
			buildRules = (
			);
			dependencies = (
			);
			name = Audio;
			productName = Audio;
			productReference = ACD22C981CFC979F00B0D209 /* Audio.app */;
			productType = "com.apple.product-type.application";
		};
/* End PBXNativeTarget section */

/* Begin PBXProject section */
		ACD22C901CFC979F00B0D209 /* Project object */ = {
			isa = PBXProject;
			attributes = {
				LastSwiftUpdateCheck = 0730;
				LastUpgradeCheck = 0730;
				ORGANIZATIONNAME = "Sezer Tunca";
				TargetAttributes = {
					ACD22C971CFC979F00B0D209 = {
						CreatedOnToolsVersion = 7.3;
					};
				};
			};
			buildConfigurationList = ACD22C931CFC979F00B0D209 /* Build configuration list for PBXProject "Audio" */;
			compatibilityVersion = "Xcode 3.2";
			developmentRegion = English;
			hasScannedForEncodings = 0;
			knownRegions = (
				en,
				Base,
			);
			mainGroup = ACD22C8F1CFC979F00B0D209;
			productRefGroup = ACD22C991CFC979F00B0D209 /* Products */;
			projectDirPath = "";
			projectRoot = "";
			targets = (
				ACD22C971CFC979F00B0D209 /* Audio */,
			);
		};
/* End PBXProject section */

/* Begin PBXResourcesBuildPhase section */
		ACD22C961CFC979F00B0D209 /* Resources */ = {
			isa = PBXResourcesBuildPhase;
			buildActionMask = 2147483647;
			files = (
				ACD22CA61CFC979F00B0D209 /* LaunchScreen.storyboard in Resources */,
				ACD22CA31CFC979F00B0D209 /* Assets.xcassets in Resources */,
				ACD22CA11CFC979F00B0D209 /* Main.storyboard in Resources */,
			);
			runOnlyForDeploymentPostprocessing = 0;
		};
/* End PBXResourcesBuildPhase section */

/* Begin PBXSourcesBuildPhase section */
		ACD22C941CFC979F00B0D209 /* Sources */ = {
			isa = PBXSourcesBuildPhase;
			buildActionMask = 2147483647;
			files = (
				ACD22C9E1CFC979F00B0D209 /* ViewController.swift in Sources */,
				ACD22C9C1CFC979F00B0D209 /* AppDelegate.swift in Sources */,
			);
			runOnlyForDeploymentPostprocessing = 0;
		};
/* End PBXSourcesBuildPhase section */

/* Begin PBXVariantGroup section */
		ACD22C9F1CFC979F00B0D209 /* Main.storyboard */ = {
			isa = PBXVariantGroup;
			children = (
				ACD22CA01CFC979F00B0D209 /* Base */,
			);
			name = Main.storyboard;
			sourceTree = "<group>";
		};
		ACD22CA41CFC979F00B0D209 /* LaunchScreen.storyboard */ = {
			isa = PBXVariantGroup;
			children = (
				ACD22CA51CFC979F00B0D209 /* Base */,
			);
			name = LaunchScreen.storyboard;
			sourceTree = "<group>";
		};
/* End PBXVariantGroup section */

/* Begin XCBuildConfiguration section */
		ACD22CA81CFC979F00B0D209 /* Debug */ = {
			isa = XCBuildConfiguration;
			buildSettings = {
				ALWAYS_SEARCH_USER_PATHS = NO;
				CLANG_ANALYZER_NONNULL = YES;
				CLANG_CXX_LANGUAGE_STANDARD = "gnu++0x";
				CLANG_CXX_LIBRARY = "libc++";
				CLANG_ENABLE_MODULES = YES;
				CLANG_ENABLE_OBJC_ARC = YES;
				CLANG_WARN_BOOL_CONVERSION = YES;
				CLANG_WARN_CONSTANT_CONVERSION = YES;
				CLANG_WARN_DIRECT_OBJC_ISA_USAGE = YES_ERROR;
				CLANG_WARN_EMPTY_BODY = YES;
				CLANG_WARN_ENUM_CONVERSION = YES;
				CLANG_WARN_INT_CONVERSION = YES;
				CLANG_WARN_OBJC_ROOT_CLASS = YES_ERROR;
				CLANG_WARN_UNREACHABLE_CODE = YES;
				CLANG_WARN__DUPLICATE_METHOD_MATCH = YES;
				"CODE_SIGN_IDENTITY[sdk=iphoneos*]" = "iPhone Developer";
				COPY_PHASE_STRIP = NO;
				DEBUG_INFORMATION_FORMAT = dwarf;
				ENABLE_STRICT_OBJC_MSGSEND = YES;
				ENABLE_TESTABILITY = YES;
				GCC_C_LANGUAGE_STANDARD = gnu99;
				GCC_DYNAMIC_NO_PIC = NO;
				GCC_NO_COMMON_BLOCKS = YES;
				GCC_OPTIMIZATION_LEVEL = 0;
				GCC_PREPROCESSOR_DEFINITIONS = (
					"DEBUG=1",
					"$(inherited)",
				);
				GCC_WARN_64_TO_32_BIT_CONVERSION = YES;
				GCC_WARN_ABOUT_RETURN_TYPE = YES_ERROR;
				GCC_WARN_UNDECLARED_SELECTOR = YES;
				GCC_WARN_UNINITIALIZED_AUTOS = YES_AGGRESSIVE;
				GCC_WARN_UNUSED_FUNCTION = YES;
				GCC_WARN_UNUSED_VARIABLE = YES;
				IPHONEOS_DEPLOYMENT_TARGET = 9.3;
				MTL_ENABLE_DEBUG_INFO = YES;
				ONLY_ACTIVE_ARCH = YES;
				SDKROOT = iphoneos;
				SWIFT_OPTIMIZATION_LEVEL = "-Onone";
			};
			name = Debug;
		};
		ACD22CA91CFC979F00B0D209 /* Release */ = {
			isa = XCBuildConfiguration;
			buildSettings = {
				ALWAYS_SEARCH_USER_PATHS = NO;
				CLANG_ANALYZER_NONNULL = YES;
				CLANG_CXX_LANGUAGE_STANDARD = "gnu++0x";
				CLANG_CXX_LIBRARY = "libc++";
				CLANG_ENABLE_MODULES = YES;
				CLANG_ENABLE_OBJC_ARC = YES;
				CLANG_WARN_BOOL_CONVERSION = YES;
				CLANG_WARN_CONSTANT_CONVERSION = YES;
				CLANG_WARN_DIRECT_OBJC_ISA_USAGE = YES_ERROR;
				CLANG_WARN_EMPTY_BODY = YES;
				CLANG_WARN_ENUM_CONVERSION = YES;
				CLANG_WARN_INT_CONVERSION = YES;
				CLANG_WARN_OBJC_ROOT_CLASS = YES_ERROR;
				CLANG_WARN_UNREACHABLE_CODE = YES;
				CLANG_WARN__DUPLICATE_METHOD_MATCH = YES;
				"CODE_SIGN_IDENTITY[sdk=iphoneos*]" = "iPhone Developer";
				COPY_PHASE_STRIP = NO;
				DEBUG_INFORMATION_FORMAT = "dwarf-with-dsym";
				ENABLE_NS_ASSERTIONS = NO;
				ENABLE_STRICT_OBJC_MSGSEND = YES;
				GCC_C_LANGUAGE_STANDARD = gnu99;
				GCC_NO_COMMON_BLOCKS = YES;
				GCC_WARN_64_TO_32_BIT_CONVERSION = YES;
				GCC_WARN_ABOUT_RETURN_TYPE = YES_ERROR;
				GCC_WARN_UNDECLARED_SELECTOR = YES;
				GCC_WARN_UNINITIALIZED_AUTOS = YES_AGGRESSIVE;
				GCC_WARN_UNUSED_FUNCTION = YES;
				GCC_WARN_UNUSED_VARIABLE = YES;
				IPHONEOS_DEPLOYMENT_TARGET = 9.3;
				MTL_ENABLE_DEBUG_INFO = NO;
				SDKROOT = iphoneos;
				VALIDATE_PRODUCT = YES;
			};
			name = Release;
		};
		ACD22CAB1CFC979F00B0D209 /* Debug */ = {
			isa = XCBuildConfiguration;
			buildSettings = {
				ASSETCATALOG_COMPILER_APPICON_NAME = AppIcon;
				INFOPLIST_FILE = Audio/Info.plist;
				LD_RUNPATH_SEARCH_PATHS = "$(inherited) @executable_path/Frameworks";
				PRODUCT_BUNDLE_IDENTIFIER = com.sezertunca.swift.Audio;
				PRODUCT_NAME = "$(TARGET_NAME)";
			};
			name = Debug;
		};
		ACD22CAC1CFC979F00B0D209 /* Release */ = {
			isa = XCBuildConfiguration;
			buildSettings = {
				ASSETCATALOG_COMPILER_APPICON_NAME = AppIcon;
				INFOPLIST_FILE = Audio/Info.plist;
				LD_RUNPATH_SEARCH_PATHS = "$(inherited) @executable_path/Frameworks";
				PRODUCT_BUNDLE_IDENTIFIER = com.sezertunca.swift.Audio;
				PRODUCT_NAME = "$(TARGET_NAME)";
			};
			name = Release;
		};
/* End XCBuildConfiguration section */

/* Begin XCConfigurationList section */
		ACD22C931CFC979F00B0D209 /* Build configuration list for PBXProject "Audio" */ = {
			isa = XCConfigurationList;
			buildConfigurations = (
				ACD22CA81CFC979F00B0D209 /* Debug */,
				ACD22CA91CFC979F00B0D209 /* Release */,
			);
			defaultConfigurationIsVisible = 0;
			defaultConfigurationName = Release;
		};
		ACD22CAA1CFC979F00B0D209 /* Build configuration list for PBXNativeTarget "Audio" */ = {
			isa = XCConfigurationList;
			buildConfigurations = (
				ACD22CAB1CFC979F00B0D209 /* Debug */,
				ACD22CAC1CFC979F00B0D209 /* Release */,
			);
			defaultConfigurationIsVisible = 0;
		};
/* End XCConfigurationList section */
	};
	rootObject = ACD22C901CFC979F00B0D209 /* Project object */;
}
